{
  "originHash" : "5e01a1bf4847b19fe9d04a7d8d5d6656dd71acce6eecf11b58257d6411e5908e",
  "pins" : [
    {
      "identity" : "madog",
      "kind" : "remoteSourceControl",
      "location" : "https://github.com/cerihughes/Madog",
      "state" : {
        "revision" : "8d9fb16cecdaea0434d31dbcce33f22037e917a8",
        "version" : "7.0.1"
      }
    },
    {
      "identity" : "realm-core",
      "kind" : "remoteSourceControl",
      "location" : "https://github.com/realm/realm-core.git",
      "state" : {
        "revision" : "c2552e1d36867cb42b28130e894a81fc17081062",
        "version" : "14.12.0"
      }
    },
    {
      "identity" : "realm-swift",
      "kind" : "remoteSourceControl",
      "location" : "https://github.com/realm/realm-swift",
      "state" : {
        "revision" : "5221a83dc720823e3017493394d00d49ccf13446",
        "version" : "10.52.3"
      }
    },
    {
      "identity" : "snapkit",
      "kind" : "remoteSourceControl",
      "location" : "https://github.com/SnapKit/SnapKit",
      "state" : {
        "revision" : "2842e6e84e82eb9a8dac0100ca90d9444b0307f4",
        "version" : "5.7.1"
      }
    }
  ],
  "version" : 3
}
